
Microsoft Visual Studio Solution File, Format Version 12.00
# Visual Studio Version 16
VisualStudioVersion = 16.0.30011.22
MinimumVisualStudioVersion = 10.0.40219.1
Project("{FAE04EC0-301F-11D3-BF4B-00C04F79EFBC}") = "AdoNetDemo1", "AdoNetDemo1\AdoNetDemo1.csproj", "{0A507852-8E35-46CA-8EE0-B3CD0CAD44F9}"
EndProject
Global
	GlobalSection(SolutionConfigurationPlatforms) = preSolution
		Debug|Any CPU = Debug|Any CPU
		Release|Any CPU = Release|Any CPU
	EndGlobalSection
	GlobalSection(ProjectConfigurationPlatforms) = postSolution
		{0A507852-8E35-46CA-8EE0-B3CD0CAD44F9}.Debug|Any CPU.ActiveCfg = Debug|Any CPU
		{0A507852-8E35-46CA-8EE0-B3CD0CAD44F9}.Debug|Any CPU.Build.0 = Debug|Any CPU
		{0A507852-8E35-46CA-8EE0-B3CD0CAD44F9}.Release|Any CPU.ActiveCfg = Release|Any CPU
		{0A507852-8E35-46CA-8EE0-B3CD0CAD44F9}.Release|Any CPU.Build.0 = Release|Any CPU
	EndGlobalSection
	GlobalSection(SolutionProperties) = preSolution
		HideSolutionNode = FALSE
	EndGlobalSection
	GlobalSection(ExtensibilityGlobals) = postSolution
		SolutionGuid = {BE940EDE-E4D5-4A3B-9518-546A32092198}
	EndGlobalSection
EndGlobal
